# This file is automatically @generated by Poetry 1.5.1 and should not be changed by hand.

[[package]]
name = "anyio"
version = "3.7.0"
description = "High level compatibility layer for multiple asynchronous event loop implementations"
optional = false
python-versions = ">=3.7"
files = [
    {file = "anyio-3.7.0-py3-none-any.whl", hash = "sha256:eddca883c4175f14df8aedce21054bfca3adb70ffe76a9f607aef9d7fa2ea7f0"},
    {file = "anyio-3.7.0.tar.gz", hash = "sha256:275d9973793619a5374e1c89a4f4ad3f4b0a5510a2b5b939444bee8f4c4d37ce"},
]

[package.dependencies]
exceptiongroup = {version = "*", markers = "python_version < \"3.11\""}
idna = ">=2.8"
sniffio = ">=1.1"

[package.extras]
doc = ["Sphinx (>=6.1.0)", "packaging", "sphinx-autodoc-typehints (>=1.2.0)", "sphinx-rtd-theme", "sphinxcontrib-jquery"]
test = ["anyio[trio]", "coverage[toml] (>=4.5)", "hypothesis (>=4.0)", "mock (>=4)", "psutil (>=5.9)", "pytest (>=7.0)", "pytest-mock (>=3.6.1)", "trustme", "uvloop (>=0.17)"]
trio = ["trio (<0.22)"]

[[package]]
name = "certifi"
version = "2023.7.22"
description = "Python package for providing Mozilla's CA Bundle."
optional = false
python-versions = ">=3.6"
files = [
    {file = "certifi-2023.7.22-py3-none-any.whl", hash = "sha256:92d6037539857d8206b8f6ae472e8b77db8058fec5937a1ef3f54304089edbb9"},
    {file = "certifi-2023.7.22.tar.gz", hash = "sha256:539cc1d13202e33ca466e88b2807e29f4c13049d6d87031a3c110744495cb082"},
]

[[package]]
name = "duckdb"
version = "0.8.0"
description = "DuckDB embedded database"
optional = false
python-versions = "*"
files = [
    {file = "duckdb-0.8.0-cp310-cp310-macosx_10_9_universal2.whl", hash = "sha256:6455aee00af30770c20f4a8c5e4347918cf59b578f49ee996a13807b12911871"},
    {file = "duckdb-0.8.0-cp310-cp310-macosx_10_9_x86_64.whl", hash = "sha256:b8cf0622ae7f86d4ce72791f8928af4357a46824aadf1b6879c7936b3db65344"},
    {file = "duckdb-0.8.0-cp310-cp310-macosx_11_0_arm64.whl", hash = "sha256:6132e8183ca3ae08a593e43c97cb189794077dedd48546e27ce43bd6a51a9c33"},
    {file = "duckdb-0.8.0-cp310-cp310-manylinux_2_17_i686.manylinux2014_i686.whl", hash = "sha256:fe29e5343fa2a95f2cde4519a4f4533f4fd551a48d2d9a8ab5220d40ebf53610"},
    {file = "duckdb-0.8.0-cp310-cp310-manylinux_2_17_x86_64.manylinux2014_x86_64.whl", hash = "sha256:945165987ca87c097dc0e578dcf47a100cad77e1c29f5dd8443d53ce159dc22e"},
    {file = "duckdb-0.8.0-cp310-cp310-musllinux_1_1_i686.whl", hash = "sha256:673c60daf7ada1d9a8518286a6893ec45efabb64602954af5f3d98f42912fda6"},
    {file = "duckdb-0.8.0-cp310-cp310-musllinux_1_1_x86_64.whl", hash = "sha256:d5075fe1ff97ae62331ca5c61e3597e6e9f7682a6fdd418c23ba5c4873ed5cd1"},
    {file = "duckdb-0.8.0-cp310-cp310-win32.whl", hash = "sha256:001f5102f45d3d67f389fa8520046c8f55a99e2c6d43b8e68b38ea93261c5395"},
    {file = "duckdb-0.8.0-cp310-cp310-win_amd64.whl", hash = "sha256:cb00800f2e1e865584b13221e0121fce9341bb3a39a93e569d563eaed281f528"},
    {file = "duckdb-0.8.0-cp311-cp311-macosx_10_9_universal2.whl", hash = "sha256:b2707096d6df4321044fcde2c9f04da632d11a8be60957fd09d49a42fae71a29"},
    {file = "duckdb-0.8.0-cp311-cp311-macosx_10_9_x86_64.whl", hash = "sha256:b27df1b70ae74d2c88efb5ffca8490954fdc678099509a9c4404ca30acc53426"},
    {file = "duckdb-0.8.0-cp311-cp311-macosx_11_0_arm64.whl", hash = "sha256:75a97c800271b52dd0f37696d074c50576dcb4b2750b6115932a98696a268070"},
    {file = "duckdb-0.8.0-cp311-cp311-manylinux_2_17_i686.manylinux2014_i686.whl", hash = "sha256:804cac261a5e016506a6d67838a65d19b06a237f7949f1704f0e800eb708286a"},
    {file = "duckdb-0.8.0-cp311-cp311-manylinux_2_17_x86_64.manylinux2014_x86_64.whl", hash = "sha256:c6b9abca7fa6713e1d031c18485343b4de99742c7e1b85c10718aa2f31a4e2c6"},
    {file = "duckdb-0.8.0-cp311-cp311-musllinux_1_1_i686.whl", hash = "sha256:51aa6d606d49072abcfeb3be209eb559ac94c1b5e70f58ac3adbb94aca9cd69f"},
    {file = "duckdb-0.8.0-cp311-cp311-musllinux_1_1_x86_64.whl", hash = "sha256:7c8dc769aaf2be0a1c57995ca657e5b92c1c56fc8437edb720ca6cab571adf14"},
    {file = "duckdb-0.8.0-cp311-cp311-win32.whl", hash = "sha256:c4207d18b42387c4a035846d8878eb967070198be8ac26fd77797ce320d1a400"},
    {file = "duckdb-0.8.0-cp311-cp311-win_amd64.whl", hash = "sha256:0c392257547c20794c3072fcbca99a49ef0a49974005d755e93893e2b4875267"},
    {file = "duckdb-0.8.0-cp36-cp36m-macosx_10_9_x86_64.whl", hash = "sha256:2832379e122020814dbe869af7b9ddf3c9f21474cf345531145b099c63ffe17e"},
    {file = "duckdb-0.8.0-cp36-cp36m-win32.whl", hash = "sha256:914896526f7caba86b170f2c4f17f11fd06540325deeb0000cb4fb24ec732966"},
    {file = "duckdb-0.8.0-cp36-cp36m-win_amd64.whl", hash = "sha256:022ebda86d0e3204cdc206e4af45aa9f0ae0668b34c2c68cf88e08355af4a372"},
    {file = "duckdb-0.8.0-cp37-cp37m-macosx_10_9_x86_64.whl", hash = "sha256:96a31c0f3f4ccbf0f5b18f94319f37691205d82f80aae48c6fe04860d743eb2c"},
    {file = "duckdb-0.8.0-cp37-cp37m-manylinux_2_17_i686.manylinux2014_i686.whl", hash = "sha256:a07c73c6e6a8cf4ce1a634625e0d1b17e5b817242a8a530d26ed84508dfbdc26"},
    {file = "duckdb-0.8.0-cp37-cp37m-manylinux_2_17_x86_64.manylinux2014_x86_64.whl", hash = "sha256:424acbd6e857531b06448d757d7c2557938dbddbff0632092090efbf413b4699"},
    {file = "duckdb-0.8.0-cp37-cp37m-musllinux_1_1_i686.whl", hash = "sha256:c83cfd2a868f1acb0692b9c3fd5ef1d7da8faa1348c6eabf421fbf5d8c2f3eb8"},
    {file = "duckdb-0.8.0-cp37-cp37m-musllinux_1_1_x86_64.whl", hash = "sha256:5c6f6b2d8db56936f662c649539df81856b5a8cb769a31f9544edf18af2a11ff"},
    {file = "duckdb-0.8.0-cp37-cp37m-win32.whl", hash = "sha256:0bd6376b40a512172eaf4aa816813b1b9d68994292ca436ce626ccd5f77f8184"},
    {file = "duckdb-0.8.0-cp37-cp37m-win_amd64.whl", hash = "sha256:931221885bcf1e7dfce2400f11fd048a7beef566b775f1453bb1db89b828e810"},
    {file = "duckdb-0.8.0-cp38-cp38-macosx_10_9_universal2.whl", hash = "sha256:42e7853d963d68e72403ea208bcf806b0f28c7b44db0aa85ce49bb124d56c133"},
    {file = "duckdb-0.8.0-cp38-cp38-macosx_10_9_x86_64.whl", hash = "sha256:fcc338399175be3d43366576600aef7d72e82114d415992a7a95aded98a0f3fd"},
    {file = "duckdb-0.8.0-cp38-cp38-macosx_11_0_arm64.whl", hash = "sha256:03dd08a4624d6b581a59f9f9dbfd34902416398d16795ad19f92361cf21fd9b5"},
    {file = "duckdb-0.8.0-cp38-cp38-manylinux_2_17_i686.manylinux2014_i686.whl", hash = "sha256:0c7c24ea0c9d8563dbd5ad49ccb54b7a9a3c7b8c2833d35e5d32a08549cacea5"},
    {file = "duckdb-0.8.0-cp38-cp38-manylinux_2_17_x86_64.manylinux2014_x86_64.whl", hash = "sha256:cb58f6505cc0f34b4e976154302d26563d2e5d16b206758daaa04b65e55d9dd8"},
    {file = "duckdb-0.8.0-cp38-cp38-musllinux_1_1_i686.whl", hash = "sha256:ef37ac7880100c4b3f913c8483a29a13f8289313b9a07df019fadfa8e7427544"},
    {file = "duckdb-0.8.0-cp38-cp38-musllinux_1_1_x86_64.whl", hash = "sha256:c2a4f5ee913ca8a6a069c78f8944b9934ffdbc71fd935f9576fdcea2a6f476f1"},
    {file = "duckdb-0.8.0-cp38-cp38-win32.whl", hash = "sha256:73831c6d7aefcb5f4072cd677b9efebecbf6c578946d21710791e10a1fc41b9a"},
    {file = "duckdb-0.8.0-cp38-cp38-win_amd64.whl", hash = "sha256:faa36d2854734364d234f37d7ef4f3d763b73cd6b0f799cbc2a0e3b7e2575450"},
    {file = "duckdb-0.8.0-cp39-cp39-macosx_10_9_universal2.whl", hash = "sha256:50a31ec237ed619e50f9ab79eb0ec5111eb9697d4475da6e0ab22c08495ce26b"},
    {file = "duckdb-0.8.0-cp39-cp39-macosx_10_9_x86_64.whl", hash = "sha256:351abb4cc2d229d043920c4bc2a4c29ca31a79fef7d7ef8f6011cf4331f297bf"},
    {file = "duckdb-0.8.0-cp39-cp39-macosx_11_0_arm64.whl", hash = "sha256:568550a163aca6a787bef8313e358590254de3f4019025a8d68c3a61253fedc1"},
    {file = "duckdb-0.8.0-cp39-cp39-manylinux_2_17_i686.manylinux2014_i686.whl", hash = "sha256:2b82617f0e7f9fc080eda217090d82b42d4fad083bc9f6d58dfda9cecb7e3b29"},
    {file = "duckdb-0.8.0-cp39-cp39-manylinux_2_17_x86_64.manylinux2014_x86_64.whl", hash = "sha256:d01c9be34d272532b75e8faedda0ff77fa76d1034cde60b8f5768ae85680d6d3"},
    {file = "duckdb-0.8.0-cp39-cp39-musllinux_1_1_i686.whl", hash = "sha256:8549d6a6bf5f00c012b6916f605416226507e733a3ffc57451682afd6e674d1b"},
    {file = "duckdb-0.8.0-cp39-cp39-musllinux_1_1_x86_64.whl", hash = "sha256:8d145c6d51e55743c3ed1a74cffa109d9e72f82b07e203b436cfa453c925313a"},
    {file = "duckdb-0.8.0-cp39-cp39-win32.whl", hash = "sha256:f8610dfd21e90d7b04e8598b244bf3ad68599fd6ba0daad3428c03cbfd74dced"},
    {file = "duckdb-0.8.0-cp39-cp39-win_amd64.whl", hash = "sha256:d0f0f104d30418808bafbe9bccdcd238588a07bd246b3cff13842d60bfd8e8ba"},
    {file = "duckdb-0.8.0.tar.gz", hash = "sha256:c68da35bab5072a64ada2646a5b343da620ddc75a7a6e84aa4a1e0628a7ec18f"},
]

[[package]]
name = "exceptiongroup"
version = "1.1.1"
description = "Backport of PEP 654 (exception groups)"
optional = false
python-versions = ">=3.7"
files = [
    {file = "exceptiongroup-1.1.1-py3-none-any.whl", hash = "sha256:232c37c63e4f682982c8b6459f33a8981039e5fb8756b2074364e5055c498c9e"},
    {file = "exceptiongroup-1.1.1.tar.gz", hash = "sha256:d484c3090ba2889ae2928419117447a14daf3c1231d5e30d0aae34f354f01785"},
]

[package.extras]
test = ["pytest (>=6)"]

[[package]]
name = "h11"
version = "0.14.0"
description = "A pure-Python, bring-your-own-I/O implementation of HTTP/1.1"
optional = false
python-versions = ">=3.7"
files = [
    {file = "h11-0.14.0-py3-none-any.whl", hash = "sha256:e3fe4ac4b851c468cc8363d500db52c2ead036020723024a109d37346efaa761"},
    {file = "h11-0.14.0.tar.gz", hash = "sha256:8f19fbbe99e72420ff35c00b27a34cb9937e902a8b810e2c88300c6f0a3b699d"},
]

[[package]]
name = "httpcore"
version = "0.17.2"
description = "A minimal low-level HTTP client."
optional = false
python-versions = ">=3.7"
files = [
    {file = "httpcore-0.17.2-py3-none-any.whl", hash = "sha256:5581b9c12379c4288fe70f43c710d16060c10080617001e6b22a3b6dbcbefd36"},
    {file = "httpcore-0.17.2.tar.gz", hash = "sha256:125f8375ab60036db632f34f4b627a9ad085048eef7cb7d2616fea0f739f98af"},
]

[package.dependencies]
anyio = ">=3.0,<5.0"
certifi = "*"
h11 = ">=0.13,<0.15"
sniffio = "==1.*"

[package.extras]
http2 = ["h2 (>=3,<5)"]
socks = ["socksio (==1.*)"]

[[package]]
name = "httpx"
version = "0.24.1"
description = "The next generation HTTP client."
optional = false
python-versions = ">=3.7"
files = [
    {file = "httpx-0.24.1-py3-none-any.whl", hash = "sha256:06781eb9ac53cde990577af654bd990a4949de37a28bdb4a230d434f3a30b9bd"},
    {file = "httpx-0.24.1.tar.gz", hash = "sha256:5853a43053df830c20f8110c5e69fe44d035d850b2dfe795e196f00fdb774bdd"},
]

[package.dependencies]
certifi = "*"
httpcore = ">=0.15.0,<0.18.0"
idna = "*"
sniffio = "*"

[package.extras]
brotli = ["brotli", "brotlicffi"]
cli = ["click (==8.*)", "pygments (==2.*)", "rich (>=10,<14)"]
http2 = ["h2 (>=3,<5)"]
socks = ["socksio (==1.*)"]

[[package]]
name = "idna"
version = "3.4"
description = "Internationalized Domain Names in Applications (IDNA)"
optional = false
python-versions = ">=3.5"
files = [
    {file = "idna-3.4-py3-none-any.whl", hash = "sha256:90b77e79eaa3eba6de819a0c442c0b4ceefc341a7a2ab77d7562bf49f425c5c2"},
    {file = "idna-3.4.tar.gz", hash = "sha256:814f528e8dead7d329833b91c5faa87d60bf71824cd12a7530b5526063d02cb4"},
]

[[package]]
name = "pydantic"
version = "1.10.8"
description = "Data validation and settings management using python type hints"
optional = false
python-versions = ">=3.7"
files = [
    {file = "pydantic-1.10.8-cp310-cp310-macosx_10_9_x86_64.whl", hash = "sha256:1243d28e9b05003a89d72e7915fdb26ffd1d39bdd39b00b7dbe4afae4b557f9d"},
    {file = "pydantic-1.10.8-cp310-cp310-macosx_11_0_arm64.whl", hash = "sha256:c0ab53b609c11dfc0c060d94335993cc2b95b2150e25583bec37a49b2d6c6c3f"},
    {file = "pydantic-1.10.8-cp310-cp310-manylinux_2_17_x86_64.manylinux2014_x86_64.whl", hash = "sha256:f9613fadad06b4f3bc5db2653ce2f22e0de84a7c6c293909b48f6ed37b83c61f"},
    {file = "pydantic-1.10.8-cp310-cp310-manylinux_2_5_i686.manylinux1_i686.manylinux_2_17_i686.manylinux2014_i686.whl", hash = "sha256:df7800cb1984d8f6e249351139667a8c50a379009271ee6236138a22a0c0f319"},
    {file = "pydantic-1.10.8-cp310-cp310-musllinux_1_1_i686.whl", hash = "sha256:0c6fafa0965b539d7aab0a673a046466d23b86e4b0e8019d25fd53f4df62c277"},
    {file = "pydantic-1.10.8-cp310-cp310-musllinux_1_1_x86_64.whl", hash = "sha256:e82d4566fcd527eae8b244fa952d99f2ca3172b7e97add0b43e2d97ee77f81ab"},
    {file = "pydantic-1.10.8-cp310-cp310-win_amd64.whl", hash = "sha256:ab523c31e22943713d80d8d342d23b6f6ac4b792a1e54064a8d0cf78fd64e800"},
    {file = "pydantic-1.10.8-cp311-cp311-macosx_10_9_x86_64.whl", hash = "sha256:666bdf6066bf6dbc107b30d034615d2627e2121506c555f73f90b54a463d1f33"},
    {file = "pydantic-1.10.8-cp311-cp311-macosx_11_0_arm64.whl", hash = "sha256:35db5301b82e8661fa9c505c800d0990bc14e9f36f98932bb1d248c0ac5cada5"},
    {file = "pydantic-1.10.8-cp311-cp311-manylinux_2_17_x86_64.manylinux2014_x86_64.whl", hash = "sha256:f90c1e29f447557e9e26afb1c4dbf8768a10cc676e3781b6a577841ade126b85"},
    {file = "pydantic-1.10.8-cp311-cp311-manylinux_2_5_i686.manylinux1_i686.manylinux_2_17_i686.manylinux2014_i686.whl", hash = "sha256:93e766b4a8226e0708ef243e843105bf124e21331694367f95f4e3b4a92bbb3f"},
    {file = "pydantic-1.10.8-cp311-cp311-musllinux_1_1_i686.whl", hash = "sha256:88f195f582851e8db960b4a94c3e3ad25692c1c1539e2552f3df7a9e972ef60e"},
    {file = "pydantic-1.10.8-cp311-cp311-musllinux_1_1_x86_64.whl", hash = "sha256:34d327c81e68a1ecb52fe9c8d50c8a9b3e90d3c8ad991bfc8f953fb477d42fb4"},
    {file = "pydantic-1.10.8-cp311-cp311-win_amd64.whl", hash = "sha256:d532bf00f381bd6bc62cabc7d1372096b75a33bc197a312b03f5838b4fb84edd"},
    {file = "pydantic-1.10.8-cp37-cp37m-macosx_10_9_x86_64.whl", hash = "sha256:7d5b8641c24886d764a74ec541d2fc2c7fb19f6da2a4001e6d580ba4a38f7878"},
    {file = "pydantic-1.10.8-cp37-cp37m-manylinux_2_17_x86_64.manylinux2014_x86_64.whl", hash = "sha256:7b1f6cb446470b7ddf86c2e57cd119a24959af2b01e552f60705910663af09a4"},
    {file = "pydantic-1.10.8-cp37-cp37m-manylinux_2_5_i686.manylinux1_i686.manylinux_2_17_i686.manylinux2014_i686.whl", hash = "sha256:c33b60054b2136aef8cf190cd4c52a3daa20b2263917c49adad20eaf381e823b"},
    {file = "pydantic-1.10.8-cp37-cp37m-musllinux_1_1_i686.whl", hash = "sha256:1952526ba40b220b912cdc43c1c32bcf4a58e3f192fa313ee665916b26befb68"},
    {file = "pydantic-1.10.8-cp37-cp37m-musllinux_1_1_x86_64.whl", hash = "sha256:bb14388ec45a7a0dc429e87def6396f9e73c8c77818c927b6a60706603d5f2ea"},
    {file = "pydantic-1.10.8-cp37-cp37m-win_amd64.whl", hash = "sha256:16f8c3e33af1e9bb16c7a91fc7d5fa9fe27298e9f299cff6cb744d89d573d62c"},
    {file = "pydantic-1.10.8-cp38-cp38-macosx_10_9_x86_64.whl", hash = "sha256:1ced8375969673929809d7f36ad322934c35de4af3b5e5b09ec967c21f9f7887"},
    {file = "pydantic-1.10.8-cp38-cp38-macosx_11_0_arm64.whl", hash = "sha256:93e6bcfccbd831894a6a434b0aeb1947f9e70b7468f274154d03d71fabb1d7c6"},
    {file = "pydantic-1.10.8-cp38-cp38-manylinux_2_17_x86_64.manylinux2014_x86_64.whl", hash = "sha256:191ba419b605f897ede9892f6c56fb182f40a15d309ef0142212200a10af4c18"},
    {file = "pydantic-1.10.8-cp38-cp38-manylinux_2_5_i686.manylinux1_i686.manylinux_2_17_i686.manylinux2014_i686.whl", hash = "sha256:052d8654cb65174d6f9490cc9b9a200083a82cf5c3c5d3985db765757eb3b375"},
    {file = "pydantic-1.10.8-cp38-cp38-musllinux_1_1_i686.whl", hash = "sha256:ceb6a23bf1ba4b837d0cfe378329ad3f351b5897c8d4914ce95b85fba96da5a1"},
    {file = "pydantic-1.10.8-cp38-cp38-musllinux_1_1_x86_64.whl", hash = "sha256:6f2e754d5566f050954727c77f094e01793bcb5725b663bf628fa6743a5a9108"},
    {file = "pydantic-1.10.8-cp38-cp38-win_amd64.whl", hash = "sha256:6a82d6cda82258efca32b40040228ecf43a548671cb174a1e81477195ed3ed56"},
    {file = "pydantic-1.10.8-cp39-cp39-macosx_10_9_x86_64.whl", hash = "sha256:3e59417ba8a17265e632af99cc5f35ec309de5980c440c255ab1ca3ae96a3e0e"},
    {file = "pydantic-1.10.8-cp39-cp39-macosx_11_0_arm64.whl", hash = "sha256:84d80219c3f8d4cad44575e18404099c76851bc924ce5ab1c4c8bb5e2a2227d0"},
    {file = "pydantic-1.10.8-cp39-cp39-manylinux_2_17_x86_64.manylinux2014_x86_64.whl", hash = "sha256:2e4148e635994d57d834be1182a44bdb07dd867fa3c2d1b37002000646cc5459"},
    {file = "pydantic-1.10.8-cp39-cp39-manylinux_2_5_i686.manylinux1_i686.manylinux_2_17_i686.manylinux2014_i686.whl", hash = "sha256:12f7b0bf8553e310e530e9f3a2f5734c68699f42218bf3568ef49cd9b0e44df4"},
    {file = "pydantic-1.10.8-cp39-cp39-musllinux_1_1_i686.whl", hash = "sha256:42aa0c4b5c3025483240a25b09f3c09a189481ddda2ea3a831a9d25f444e03c1"},
    {file = "pydantic-1.10.8-cp39-cp39-musllinux_1_1_x86_64.whl", hash = "sha256:17aef11cc1b997f9d574b91909fed40761e13fac438d72b81f902226a69dac01"},
    {file = "pydantic-1.10.8-cp39-cp39-win_amd64.whl", hash = "sha256:66a703d1983c675a6e0fed8953b0971c44dba48a929a2000a493c3772eb61a5a"},
    {file = "pydantic-1.10.8-py3-none-any.whl", hash = "sha256:7456eb22ed9aaa24ff3e7b4757da20d9e5ce2a81018c1b3ebd81a0b88a18f3b2"},
    {file = "pydantic-1.10.8.tar.gz", hash = "sha256:1410275520dfa70effadf4c21811d755e7ef9bb1f1d077a21958153a92c8d9ca"},
]

[package.dependencies]
typing-extensions = ">=4.2.0"

[package.extras]
dotenv = ["python-dotenv (>=0.10.4)"]
email = ["email-validator (>=1.0.3)"]

[[package]]
name = "sniffio"
version = "1.3.0"
description = "Sniff out which async library your code is running under"
optional = false
python-versions = ">=3.7"
files = [
    {file = "sniffio-1.3.0-py3-none-any.whl", hash = "sha256:eecefdce1e5bbfb7ad2eeaabf7c1eeb404d7757c379bd1f7e5cce9d8bf425384"},
    {file = "sniffio-1.3.0.tar.gz", hash = "sha256:e60305c5e5d314f5389259b7f22aaa33d8f7dee49763119234af3755c55b9101"},
]

[[package]]
name = "typing-extensions"
version = "4.6.2"
description = "Backported and Experimental Type Hints for Python 3.7+"
optional = false
python-versions = ">=3.7"
files = [
    {file = "typing_extensions-4.6.2-py3-none-any.whl", hash = "sha256:3a8b36f13dd5fdc5d1b16fe317f5668545de77fa0b8e02006381fd49d731ab98"},
    {file = "typing_extensions-4.6.2.tar.gz", hash = "sha256:06006244c70ac8ee83fa8282cb188f697b8db25bc8b4df07be1873c43897060c"},
]

[metadata]
lock-version = "2.0"
python-versions = "^3.10"
content-hash = "14b23f5693aa3ce28ea56a2d7f5e7b3aba3f1e207e51e81b9409ffa0a38924de"
